
Microsoft Visual Studio Solution File, Format Version 12.00
# Visual Studio Version 17
VisualStudioVersion = 17.5.33627.172
MinimumVisualStudioVersion = 10.0.40219.1
Project("{9A19103F-16F7-4668-BE54-9A1E7A4F7556}") = "SuratBook.Web", "SuratBook.Web\SuratBook.Web.csproj", "{874767CD-E9BD-4994-B323-953A197CF86C}"
EndProject
Project("{9A19103F-16F7-4668-BE54-9A1E7A4F7556}") = "SuratBook.Data", "SuratBook.Data\SuratBook.Data.csproj", "{AF9C84BC-9F3E-4A3D-94D8-ECF268467B67}"
EndProject
Project("{9A19103F-16F7-4668-BE54-9A1E7A4F7556}") = "SuratBook.Services", "SuratBook.Services\SuratBook.Services.csproj", "{63515276-0EE1-45A5-8036-071FD2E26B56}"
EndProject
Project("{9A19103F-16F7-4668-BE54-9A1E7A4F7556}") = "SuratBook.Test", "SuratBook.Test\SuratBook.Test.csproj", "{90F52505-53B7-4098-8A79-AC2FFD987258}"
EndProject
Global
	GlobalSection(SolutionConfigurationPlatforms) = preSolution
		Debug|Any CPU = Debug|Any CPU
		Release|Any CPU = Release|Any CPU
	EndGlobalSection
	GlobalSection(ProjectConfigurationPlatforms) = postSolution
		{874767CD-E9BD-4994-B323-953A197CF86C}.Debug|Any CPU.ActiveCfg = Debug|Any CPU
		{874767CD-E9BD-4994-B323-953A197CF86C}.Debug|Any CPU.Build.0 = Debug|Any CPU
		{874767CD-E9BD-4994-B323-953A197CF86C}.Release|Any CPU.ActiveCfg = Release|Any CPU
		{874767CD-E9BD-4994-B323-953A197CF86C}.Release|Any CPU.Build.0 = Release|Any CPU
		{AF9C84BC-9F3E-4A3D-94D8-ECF268467B67}.Debug|Any CPU.ActiveCfg = Debug|Any CPU
		{AF9C84BC-9F3E-4A3D-94D8-ECF268467B67}.Debug|Any CPU.Build.0 = Debug|Any CPU
		{AF9C84BC-9F3E-4A3D-94D8-ECF268467B67}.Release|Any CPU.ActiveCfg = Release|Any CPU
		{AF9C84BC-9F3E-4A3D-94D8-ECF268467B67}.Release|Any CPU.Build.0 = Release|Any CPU
		{63515276-0EE1-45A5-8036-071FD2E26B56}.Debug|Any CPU.ActiveCfg = Debug|Any CPU
		{63515276-0EE1-45A5-8036-071FD2E26B56}.Debug|Any CPU.Build.0 = Debug|Any CPU
		{63515276-0EE1-45A5-8036-071FD2E26B56}.Release|Any CPU.ActiveCfg = Release|Any CPU
		{63515276-0EE1-45A5-8036-071FD2E26B56}.Release|Any CPU.Build.0 = Release|Any CPU
		{90F52505-53B7-4098-8A79-AC2FFD987258}.Debug|Any CPU.ActiveCfg = Debug|Any CPU
		{90F52505-53B7-4098-8A79-AC2FFD987258}.Debug|Any CPU.Build.0 = Debug|Any CPU
		{90F52505-53B7-4098-8A79-AC2FFD987258}.Release|Any CPU.ActiveCfg = Release|Any CPU
		{90F52505-53B7-4098-8A79-AC2FFD987258}.Release|Any CPU.Build.0 = Release|Any CPU
	EndGlobalSection
	GlobalSection(SolutionProperties) = preSolution
		HideSolutionNode = FALSE
	EndGlobalSection
	GlobalSection(ExtensibilityGlobals) = postSolution
		SolutionGuid = {4442C970-0128-4685-98AB-9D235243C5A9}
	EndGlobalSection
EndGlobal
